
Microsoft Visual Studio Solution File, Format Version 12.00
# Visual Studio Version 17
VisualStudioVersion = 17.5.33414.496
MinimumVisualStudioVersion = 10.0.40219.1
Project("{FAE04EC0-301F-11D3-BF4B-00C04F79EFBC}") = "zeamart", "zeamart\zeamart.csproj", "{575D1F2D-0642-4108-8013-649DB08D775B}"
EndProject
Global
	GlobalSection(SolutionConfigurationPlatforms) = preSolution
		Debug|Any CPU = Debug|Any CPU
		Release|Any CPU = Release|Any CPU
	EndGlobalSection
	GlobalSection(ProjectConfigurationPlatforms) = postSolution
		{575D1F2D-0642-4108-8013-649DB08D775B}.Debug|Any CPU.ActiveCfg = Debug|Any CPU
		{575D1F2D-0642-4108-8013-649DB08D775B}.Debug|Any CPU.Build.0 = Debug|Any CPU
		{575D1F2D-0642-4108-8013-649DB08D775B}.Release|Any CPU.ActiveCfg = Release|Any CPU
		{575D1F2D-0642-4108-8013-649DB08D775B}.Release|Any CPU.Build.0 = Release|Any CPU
	EndGlobalSection
	GlobalSection(SolutionProperties) = preSolution
		HideSolutionNode = FALSE
	EndGlobalSection
	GlobalSection(ExtensibilityGlobals) = postSolution
		SolutionGuid = {592BC012-3A2E-4CC7-B1B5-923B45BF1A5C}
	EndGlobalSection
EndGlobal
